
Microsoft Visual Studio Solution File, Format Version 12.00
# Visual Studio 2012
Project("{FAE04EC0-301F-11D3-BF4B-00C04F79EFBC}") = "EShop", "EShop\EShop.csproj", "{1C263EED-2F26-4FDB-B241-7682C4E0F6EC}"
EndProject
Global
	GlobalSection(SolutionConfigurationPlatforms) = preSolution
		Debug|Any CPU = Debug|Any CPU
		Release|Any CPU = Release|Any CPU
	EndGlobalSection
	GlobalSection(ProjectConfigurationPlatforms) = postSolution
		{1C263EED-2F26-4FDB-B241-7682C4E0F6EC}.Debug|Any CPU.ActiveCfg = Debug|Any CPU
		{1C263EED-2F26-4FDB-B241-7682C4E0F6EC}.Debug|Any CPU.Build.0 = Debug|Any CPU
		{1C263EED-2F26-4FDB-B241-7682C4E0F6EC}.Release|Any CPU.ActiveCfg = Release|Any CPU
		{1C263EED-2F26-4FDB-B241-7682C4E0F6EC}.Release|Any CPU.Build.0 = Release|Any CPU
	EndGlobalSection
	GlobalSection(SolutionProperties) = preSolution
		HideSolutionNode = FALSE
	EndGlobalSection
EndGlobal
